
Microsoft Visual Studio Solution File, Format Version 12.00
# Visual Studio Version 16
VisualStudioVersion = 16.0.29911.98
MinimumVisualStudioVersion = 10.0.40219.1
Project("{2150E333-8FDC-42A3-9474-1A3956D46DE8}") = "src", "src", "{DA71E953-DE30-41B3-96B5-BC8B7B5400F0}"
EndProject
Project("{2150E333-8FDC-42A3-9474-1A3956D46DE8}") = "test", "test", "{6DA017D4-F602-41E0-B4DE-6F6B6AB53216}"
EndProject
Project("{2150E333-8FDC-42A3-9474-1A3956D46DE8}") = "Solution Items", "Solution Items", "{F9B28E31-9F00-4908-B02F-F2F3D376B15A}"
	ProjectSection(SolutionItems) = preProject
		.editorconfig = .editorconfig
		.gitignore = .gitignore
		Directory.Build.props = Directory.Build.props
		Directory.Build.targets = Directory.Build.targets
	EndProjectSection
EndProject
Project("{2150E333-8FDC-42A3-9474-1A3956D46DE8}") = "TestData", "TestData", "{FB5C968B-9556-42C9-96EA-8BC3AB2CDC2A}"
	ProjectSection(SolutionItems) = preProject
		TestData\cosmos-date.json = TestData\cosmos-date.json
		TestData\dpc-covid19-ita-andamento-nazionale.json = TestData\dpc-covid19-ita-andamento-nazionale.json
		TestData\dpc-covid19-ita-province-20200429-min.csv = TestData\dpc-covid19-ita-province-20200429-min.csv
		TestData\dpc-covid19-ita-province-20200429.csv = TestData\dpc-covid19-ita-province-20200429.csv
		TestData\dpc-covid19-ita-regioni-20200316-min.csv = TestData\dpc-covid19-ita-regioni-20200316-min.csv
		TestData\dpc-covid19-ita-regioni-20200316.csv = TestData\dpc-covid19-ita-regioni-20200316.csv
		TestData\leonidev-commits.json = TestData\leonidev-commits.json
		TestData\README.md = TestData\README.md
	EndProjectSection
EndProject
Project("{9A19103F-16F7-4668-BE54-9A1E7A4F7556}") = "Covid19Report.Ita.Api", "src\Covid19Report.Ita.Api\Covid19Report.Ita.Api.csproj", "{F6890BD0-4AEE-471A-A170-05882CA01BE5}"
EndProject
Project("{9A19103F-16F7-4668-BE54-9A1E7A4F7556}") = "Covid19Report.Ita.Views", "src\Covid19Report.Ita.Views\Covid19Report.Ita.Views.csproj", "{B450A834-E9D0-4E4E-BAB5-C511ECE9A891}"
EndProject
Project("{9A19103F-16F7-4668-BE54-9A1E7A4F7556}") = "Covid19Report.Ita.Api.Test", "test\Covid19Report.Ita.Api.Test\Covid19Report.Ita.Api.Test.csproj", "{F24A43D4-CE7F-4A77-9FC1-5EA75A3A0B72}"
EndProject
Global
	GlobalSection(SolutionConfigurationPlatforms) = preSolution
		Debug|Any CPU = Debug|Any CPU
		Release|Any CPU = Release|Any CPU
	EndGlobalSection
	GlobalSection(ProjectConfigurationPlatforms) = postSolution
		{F6890BD0-4AEE-471A-A170-05882CA01BE5}.Debug|Any CPU.ActiveCfg = Debug|Any CPU
		{F6890BD0-4AEE-471A-A170-05882CA01BE5}.Debug|Any CPU.Build.0 = Debug|Any CPU
		{F6890BD0-4AEE-471A-A170-05882CA01BE5}.Release|Any CPU.ActiveCfg = Release|Any CPU
		{F6890BD0-4AEE-471A-A170-05882CA01BE5}.Release|Any CPU.Build.0 = Release|Any CPU
		{B450A834-E9D0-4E4E-BAB5-C511ECE9A891}.Debug|Any CPU.ActiveCfg = Debug|Any CPU
		{B450A834-E9D0-4E4E-BAB5-C511ECE9A891}.Debug|Any CPU.Build.0 = Debug|Any CPU
		{B450A834-E9D0-4E4E-BAB5-C511ECE9A891}.Release|Any CPU.ActiveCfg = Release|Any CPU
		{B450A834-E9D0-4E4E-BAB5-C511ECE9A891}.Release|Any CPU.Build.0 = Release|Any CPU
		{F24A43D4-CE7F-4A77-9FC1-5EA75A3A0B72}.Debug|Any CPU.ActiveCfg = Debug|Any CPU
		{F24A43D4-CE7F-4A77-9FC1-5EA75A3A0B72}.Debug|Any CPU.Build.0 = Debug|Any CPU
		{F24A43D4-CE7F-4A77-9FC1-5EA75A3A0B72}.Release|Any CPU.ActiveCfg = Release|Any CPU
		{F24A43D4-CE7F-4A77-9FC1-5EA75A3A0B72}.Release|Any CPU.Build.0 = Release|Any CPU
	EndGlobalSection
	GlobalSection(SolutionProperties) = preSolution
		HideSolutionNode = FALSE
	EndGlobalSection
	GlobalSection(NestedProjects) = preSolution
		{FB5C968B-9556-42C9-96EA-8BC3AB2CDC2A} = {F9B28E31-9F00-4908-B02F-F2F3D376B15A}
		{F6890BD0-4AEE-471A-A170-05882CA01BE5} = {DA71E953-DE30-41B3-96B5-BC8B7B5400F0}
		{B450A834-E9D0-4E4E-BAB5-C511ECE9A891} = {DA71E953-DE30-41B3-96B5-BC8B7B5400F0}
		{F24A43D4-CE7F-4A77-9FC1-5EA75A3A0B72} = {6DA017D4-F602-41E0-B4DE-6F6B6AB53216}
	EndGlobalSection
	GlobalSection(ExtensibilityGlobals) = postSolution
		SolutionGuid = {63A73644-97D7-40D8-9F92-F68A0595AFA1}
	EndGlobalSection
EndGlobal
