
Microsoft Visual Studio Solution File, Format Version 12.00
# Visual Studio Version 16
VisualStudioVersion = 16.0.29911.98
MinimumVisualStudioVersion = 10.0.40219.1
Project("{2150E333-8FDC-42A3-9474-1A3956D46DE8}") = "src", "src", "{DA71E953-DE30-41B3-96B5-BC8B7B5400F0}"
EndProject
Project("{2150E333-8FDC-42A3-9474-1A3956D46DE8}") = "test", "test", "{6DA017D4-F602-41E0-B4DE-6F6B6AB53216}"
EndProject
Project("{2150E333-8FDC-42A3-9474-1A3956D46DE8}") = "Solution Items", "Solution Items", "{F9B28E31-9F00-4908-B02F-F2F3D376B15A}"
	ProjectSection(SolutionItems) = preProject
		.editorconfig = .editorconfig
		.gitignore = .gitignore
		Directory.Build.props = Directory.Build.props
		Directory.Build.targets = Directory.Build.targets
	EndProjectSection
EndProject
Project("{9A19103F-16F7-4668-BE54-9A1E7A4F7556}") = "Covid19Report.Ita.Api", "src\Covid19Report.Ita.Api\Covid19Report.Ita.Api.csproj", "{F6890BD0-4AEE-471A-A170-05882CA01BE5}"
EndProject
Project("{9A19103F-16F7-4668-BE54-9A1E7A4F7556}") = "Covid19Report.Ita.Api.Test", "test\Covid19Report.Ita.Api.Test\Covid19Report.Ita.Api.Test.csproj", "{36B1D901-BC9E-447D-8AA7-9DF366DE9143}"
EndProject
Project("{2150E333-8FDC-42A3-9474-1A3956D46DE8}") = "TestData", "TestData", "{D11EB6A9-FFF1-4086-ACC7-F6A20F40EC63}"
	ProjectSection(SolutionItems) = preProject
		TestData\1.it-Dati_-andamento-nazionale.md = TestData\1.it-Dati_-andamento-nazionale.md
		TestData\cosmos-date.json = TestData\cosmos-date.json
		TestData\dpc-covid19-ita-andamento-nazionale.json = TestData\dpc-covid19-ita-andamento-nazionale.json
		TestData\dpc-covid19-ita-province-20200224.csv = TestData\dpc-covid19-ita-province-20200224.csv
		TestData\github-commits.json = TestData\github-commits.json
	EndProjectSection
EndProject
Project("{9A19103F-16F7-4668-BE54-9A1E7A4F7556}") = "Covid19Report.Ita.Views", "src\Covid19Report.Ita.Views\Covid19Report.Ita.Views.csproj", "{B450A834-E9D0-4E4E-BAB5-C511ECE9A891}"
EndProject
Global
	GlobalSection(SolutionConfigurationPlatforms) = preSolution
		Debug|Any CPU = Debug|Any CPU
		Debug|x64 = Debug|x64
		Release|Any CPU = Release|Any CPU
		Release|x64 = Release|x64
	EndGlobalSection
	GlobalSection(ProjectConfigurationPlatforms) = postSolution
		{F6890BD0-4AEE-471A-A170-05882CA01BE5}.Debug|Any CPU.ActiveCfg = Debug|Any CPU
		{F6890BD0-4AEE-471A-A170-05882CA01BE5}.Debug|Any CPU.Build.0 = Debug|Any CPU
		{F6890BD0-4AEE-471A-A170-05882CA01BE5}.Debug|x64.ActiveCfg = Debug|x64
		{F6890BD0-4AEE-471A-A170-05882CA01BE5}.Debug|x64.Build.0 = Debug|x64
		{F6890BD0-4AEE-471A-A170-05882CA01BE5}.Release|Any CPU.ActiveCfg = Release|Any CPU
		{F6890BD0-4AEE-471A-A170-05882CA01BE5}.Release|Any CPU.Build.0 = Release|Any CPU
		{F6890BD0-4AEE-471A-A170-05882CA01BE5}.Release|x64.ActiveCfg = Release|x64
		{F6890BD0-4AEE-471A-A170-05882CA01BE5}.Release|x64.Build.0 = Release|x64
		{36B1D901-BC9E-447D-8AA7-9DF366DE9143}.Debug|Any CPU.ActiveCfg = Debug|Any CPU
		{36B1D901-BC9E-447D-8AA7-9DF366DE9143}.Debug|Any CPU.Build.0 = Debug|Any CPU
		{36B1D901-BC9E-447D-8AA7-9DF366DE9143}.Debug|x64.ActiveCfg = Debug|x64
		{36B1D901-BC9E-447D-8AA7-9DF366DE9143}.Debug|x64.Build.0 = Debug|x64
		{36B1D901-BC9E-447D-8AA7-9DF366DE9143}.Release|Any CPU.ActiveCfg = Release|Any CPU
		{36B1D901-BC9E-447D-8AA7-9DF366DE9143}.Release|Any CPU.Build.0 = Release|Any CPU
		{36B1D901-BC9E-447D-8AA7-9DF366DE9143}.Release|x64.ActiveCfg = Release|x64
		{36B1D901-BC9E-447D-8AA7-9DF366DE9143}.Release|x64.Build.0 = Release|x64
		{B450A834-E9D0-4E4E-BAB5-C511ECE9A891}.Debug|Any CPU.ActiveCfg = Debug|Any CPU
		{B450A834-E9D0-4E4E-BAB5-C511ECE9A891}.Debug|Any CPU.Build.0 = Debug|Any CPU
		{B450A834-E9D0-4E4E-BAB5-C511ECE9A891}.Debug|x64.ActiveCfg = Debug|Any CPU
		{B450A834-E9D0-4E4E-BAB5-C511ECE9A891}.Debug|x64.Build.0 = Debug|Any CPU
		{B450A834-E9D0-4E4E-BAB5-C511ECE9A891}.Release|Any CPU.ActiveCfg = Release|Any CPU
		{B450A834-E9D0-4E4E-BAB5-C511ECE9A891}.Release|Any CPU.Build.0 = Release|Any CPU
		{B450A834-E9D0-4E4E-BAB5-C511ECE9A891}.Release|x64.ActiveCfg = Release|Any CPU
		{B450A834-E9D0-4E4E-BAB5-C511ECE9A891}.Release|x64.Build.0 = Release|Any CPU
	EndGlobalSection
	GlobalSection(SolutionProperties) = preSolution
		HideSolutionNode = FALSE
	EndGlobalSection
	GlobalSection(NestedProjects) = preSolution
		{F6890BD0-4AEE-471A-A170-05882CA01BE5} = {DA71E953-DE30-41B3-96B5-BC8B7B5400F0}
		{36B1D901-BC9E-447D-8AA7-9DF366DE9143} = {6DA017D4-F602-41E0-B4DE-6F6B6AB53216}
		{D11EB6A9-FFF1-4086-ACC7-F6A20F40EC63} = {F9B28E31-9F00-4908-B02F-F2F3D376B15A}
		{B450A834-E9D0-4E4E-BAB5-C511ECE9A891} = {DA71E953-DE30-41B3-96B5-BC8B7B5400F0}
	EndGlobalSection
	GlobalSection(ExtensibilityGlobals) = postSolution
		SolutionGuid = {63A73644-97D7-40D8-9F92-F68A0595AFA1}
	EndGlobalSection
EndGlobal
